hash: 4667809e9a4496b04b0a99667a1b75b72abd7d71f87e62318d0db0332a348221
updated: 2018-10-21T14:23:37.773492786+09:00
imports:
- name: github.com/BurntSushi/toml
  version: 3012a1dbe2e4bd1391d42b32f0577cb7bbc7f005
- name: github.com/hinoshiba/go-editor
  version: ee88e5c71be35fe834c4257b0fe85ca91b9a8768
  subpackages:
  - editor
- name: golang.org/x/crypto
  version: 0c41d7ab0a0ee717d4590a44bcb987dfd9e183eb
  subpackages:
  - ssh/terminal
- name: golang.org/x/sys
  version: 8e24a49d80f82323e1c4db1b5da3e0f31171a151
  subpackages:
  - unix
  - windows
testImports: []
